Microsoft Visual Studio Solution File, Format Version 12.00
# Visual Studio Version 17
VisualStudioVersion = 17.5.2.0
MinimumVisualStudioVersion = 10.0.40219.1
Project("{FAE04EC0-301F-11D3-BF4B-00C04F79EFBC}") = "mynewapi", "mynewapi\mynewapi.csproj", "{01645385-393F-305F-9C7D-5A5A0F5B2BBD}"
EndProject
Global
	GlobalSection(SolutionConfigurationPlatforms) = preSolution
		Debug|Any CPU = Debug|Any CPU
		Release|Any CPU = Release|Any CPU
	EndGlobalSection
	GlobalSection(ProjectConfigurationPlatforms) = postSolution
		{01645385-393F-305F-9C7D-5A5A0F5B2BBD}.Debug|Any CPU.ActiveCfg = Debug|Any CPU
		{01645385-393F-305F-9C7D-5A5A0F5B2BBD}.Debug|Any CPU.Build.0 = Debug|Any CPU
		{01645385-393F-305F-9C7D-5A5A0F5B2BBD}.Release|Any CPU.ActiveCfg = Release|Any CPU
		{01645385-393F-305F-9C7D-5A5A0F5B2BBD}.Release|Any CPU.Build.0 = Release|Any CPU
	EndGlobalSection
	GlobalSection(SolutionProperties) = preSolution
		HideSolutionNode = FALSE
	EndGlobalSection
	GlobalSection(ExtensibilityGlobals) = postSolution
		SolutionGuid = {C54B1048-4A09-436D-AFA5-7AFF48C9A405}
	EndGlobalSection
EndGlobal
